
Microsoft Visual Studio Solution File, Format Version 12.00
# Visual Studio Version 17
VisualStudioVersion = 17.5.33516.290
MinimumVisualStudioVersion = 10.0.40219.1
Project("{FAE04EC0-301F-11D3-BF4B-00C04F79EFBC}") = "GestoreEventi", "GestoreEventi.csproj", "{6654979D-7125-4B06-9002-BC8C7F1F9162}"
EndProject
Global
	GlobalSection(SolutionConfigurationPlatforms) = preSolution
		Debug|Any CPU = Debug|Any CPU
		Release|Any CPU = Release|Any CPU
	EndGlobalSection
	GlobalSection(ProjectConfigurationPlatforms) = postSolution
		{6654979D-7125-4B06-9002-BC8C7F1F9162}.Debug|Any CPU.ActiveCfg = Debug|Any CPU
		{6654979D-7125-4B06-9002-BC8C7F1F9162}.Debug|Any CPU.Build.0 = Debug|Any CPU
		{6654979D-7125-4B06-9002-BC8C7F1F9162}.Release|Any CPU.ActiveCfg = Release|Any CPU
		{6654979D-7125-4B06-9002-BC8C7F1F9162}.Release|Any CPU.Build.0 = Release|Any CPU
	EndGlobalSection
	GlobalSection(SolutionProperties) = preSolution
		HideSolutionNode = FALSE
	EndGlobalSection
	GlobalSection(ExtensibilityGlobals) = postSolution
		SolutionGuid = {56838F7A-4710-493E-A9B6-E25399FA572E}
	EndGlobalSection
EndGlobal
